{
  "R": {
    "Version": "4.5.2",
    "Repositories": [
      {
        "Name": "CRAN",
        "URL": "https://cloud.r-project.org"
      }
    ]
  },
  "Packages": {
    "CVXR": {
      "Package": "CVXR",
      "Version": "1.0-15",
      "Source": "Repository",
      "Type": "Package",
      "Title": "Disciplined Convex Optimization",
      "VignetteBuilder": "knitr",
      "Authors@R": "c( person(\"Anqi\", \"Fu\", role=c(\"aut\", \"cre\"), email = \"anqif@alumni.stanford.edu\"), person(\"Balasubramanian\", \"Narasimhan\", role=c(\"aut\"), email = \"naras@stat.stanford.edu\"), person(\"David W\", \"Kang\", role=c(\"aut\"), email = \"Dkang9503@gmail.com\"), person(\"Steven\", \"Diamond\", role=c(\"aut\"), email = \"stevend2@stanford.edu\"), person(\"John\", \"Miller\", role=c(\"aut\"), email = \"miller_john@berkeley.edu\"), person(\"Stephen\", \"Boyd\", role=c(\"ctb\"), email = \"boyd@stanford.edu\"), person(\"Paul Kunsberg\", \"Rosenfield\", role=c(\"ctb\"), email = \"prosenfield@farmersbusinessnetwork.com\") )",
      "URL": "https://cvxr.rbind.io, https://www.cvxgrp.org/CVXR/",
      "BugReports": "https://github.com/cvxgrp/CVXR/issues",
      "Description": "An object-oriented modeling language for disciplined convex programming (DCP) as described in Fu, Narasimhan, and Boyd (2020, <doi:10.18637/jss.v094.i14>). It allows the user to formulate convex optimization problems in a natural way following mathematical convention and DCP rules. The system analyzes the problem, verifies its convexity, converts it into a canonical form, and hands it off to an appropriate solver to obtain the solution. Interfaces to solvers on CRAN and elsewhere are provided, both commercial and open source.",
      "Additional_repositories": "https://bnaras.github.io/drat",
      "Depends": [
        "R (>= 3.4.0)"
      ],
      "Imports": [
        "methods",
        "Matrix",
        "Rcpp (>= 0.12.12)",
        "bit64",
        "gmp",
        "Rmpfr",
        "ECOSolveR (>= 0.5.4)",
        "scs (>= 3.0)",
        "stats",
        "osqp",
        "cli",
        "utils"
      ],
      "Suggests": [
        "knitr",
        "rmarkdown",
        "testthat",
        "nnls",
        "slam",
        "covr"
      ],
      "LinkingTo": [
        "Rcpp",
        "RcppEigen"
      ],
      "License": "Apache License 2.0 | file LICENSE",
      "LazyData": "true",
      "Collate": "'CVXR-package.R' 'data.R' 'globals.R' 'generics.R' 'interface.R' 'canonical.R' 'expressions.R' 'constant.R' 'variable.R' 'lin_ops.R' 'atoms.R' 'affine.R' 'problem.R' 'constraints.R' 'elementwise.R' 'coeff_extractor.R' 'reductions.R' 'reduction_solvers.R' 'complex2real.R' 'conic_solvers.R' 'clarabel.R' 'eliminate_pwl.R' 'dcp2cone.R' 'dgp2dcp.R' 'sparse_utils.R' 'qp2quad_form.R' 'qp_solvers.R' 'utilities.R' 'coll_utils.R' 'solver_utilities.R' 'transforms.R' 'exports.R' 'rcppUtils.R' 'LinOp.R' 'LinOpVector.R' 'RcppExports.R' 'CVXcanon.R' 'canonInterface.R'",
      "RoxygenNote": "7.3.2",
      "Encoding": "UTF-8",
      "Enhances": [
        "Rcplex",
        "gurobi",
        "rcbc",
        "cccp",
        "Rmosek",
        "Rglpk",
        "clarabel (>= 0.9.0)"
      ],
      "NeedsCompilation": "yes",
      "Author": "Anqi Fu [aut, cre], Balasubramanian Narasimhan [aut], David W Kang [aut], Steven Diamond [aut], John Miller [aut], Stephen Boyd [ctb], Paul Kunsberg Rosenfield [ctb]",
      "Maintainer": "Anqi Fu <anqif@alumni.stanford.edu>",
      "Repository": "CRAN"
    },
    "ECOSolveR": {
      "Package": "ECOSolveR",
      "Version": "0.5.5",
      "Source": "Repository",
      "Type": "Package",
      "Title": "Embedded Conic Solver in R",
      "Date": "2023-05-13",
      "VignetteBuilder": "knitr",
      "Authors@R": "c(person(\"Anqi\", \"Fu\", role = c(\"aut\"), email = \"anqi.fu.1987@gmail.com\"), person(\"Balasubramanian\", \"Narasimhan\", role = c(\"aut\", \"cre\"), email = \"naras@stat.Stanford.EDU\"), person(\"Florian\", \"Schwendinger\", role = c(\"ctb\"), email = \"FlorianSchwendinger@gmx.at\") , person(\"Martin\", \"Maechler\", role = \"ctb\", email = \"maechler@stat.math.ethz.ch\") )",
      "SystemRequirements": "GNU make",
      "URL": "https://bnaras.github.io/ECOSolveR/",
      "BugReports": "https://github.com/bnaras/ECOSolveR/issues",
      "Imports": [
        "methods"
      ],
      "Suggests": [
        "knitr",
        "rmarkdown",
        "testthat",
        "Matrix",
        "covr",
        "slam"
      ],
      "Description": "R interface to the Embedded COnic Solver (ECOS), an efficient and robust C library for convex problems. Conic and equality constraints can be specified in addition to integer and boolean variable constraints for mixed-integer problems. This R interface is inspired by the python interface and has similar calling conventions.",
      "License": "GPL (>= 3)",
      "Encoding": "UTF-8",
      "RoxygenNote": "7.2.3",
      "NeedsCompilation": "yes",
      "Author": "Anqi Fu [aut], Balasubramanian Narasimhan [aut, cre], Florian Schwendinger [ctb], Martin Maechler [ctb]",
      "Maintainer": "Balasubramanian Narasimhan <naras@stat.Stanford.EDU>",
      "Repository": "CRAN"
    },
    "MASS": {
      "Package": "MASS",
      "Version": "7.3-65",
      "Source": "Repository",
      "Priority": "recommended",
      "Date": "2025-02-19",
      "Revision": "$Rev: 3681 $",
      "Depends": [
        "R (>= 4.4.0)",
        "grDevices",
        "graphics",
        "stats",
        "utils"
      ],
      "Imports": [
        "methods"
      ],
      "Suggests": [
        "lattice",
        "nlme",
        "nnet",
        "survival"
      ],
      "Authors@R": "c(person(\"Brian\", \"Ripley\", role = c(\"aut\", \"cre\", \"cph\"), email = \"Brian.Ripley@R-project.org\"), person(\"Bill\", \"Venables\", role = c(\"aut\", \"cph\")), person(c(\"Douglas\", \"M.\"), \"Bates\", role = \"ctb\"), person(\"Kurt\", \"Hornik\", role = \"trl\", comment = \"partial port ca 1998\"), person(\"Albrecht\", \"Gebhardt\", role = \"trl\", comment = \"partial port ca 1998\"), person(\"David\", \"Firth\", role = \"ctb\", comment = \"support functions for polr\"))",
      "Description": "Functions and datasets to support Venables and Ripley, \"Modern Applied Statistics with S\" (4th edition, 2002).",
      "Title": "Support Functions and Datasets for Venables and Ripley's MASS",
      "LazyData": "yes",
      "ByteCompile": "yes",
      "License": "GPL-2 | GPL-3",
      "URL": "http://www.stats.ox.ac.uk/pub/MASS4/",
      "Contact": "<MASS@stats.ox.ac.uk>",
      "NeedsCompilation": "yes",
      "Author": "Brian Ripley [aut, cre, cph], Bill Venables [aut, cph], Douglas M. Bates [ctb], Kurt Hornik [trl] (partial port ca 1998), Albrecht Gebhardt [trl] (partial port ca 1998), David Firth [ctb] (support functions for polr)",
      "Maintainer": "Brian Ripley <Brian.Ripley@R-project.org>",
      "Repository": "CRAN"
    },
    "Matrix": {
      "Package": "Matrix",
      "Version": "1.7-4",
      "Source": "Repository",
      "VersionNote": "do also bump src/version.h, inst/include/Matrix/version.h",
      "Date": "2025-08-27",
      "Priority": "recommended",
      "Title": "Sparse and Dense Matrix Classes and Methods",
      "Description": "A rich hierarchy of sparse and dense matrix classes, including general, symmetric, triangular, and diagonal matrices with numeric, logical, or pattern entries.  Efficient methods for operating on such matrices, often wrapping the 'BLAS', 'LAPACK', and 'SuiteSparse' libraries.",
      "License": "GPL (>= 2) | file LICENCE",
      "URL": "https://Matrix.R-forge.R-project.org",
      "BugReports": "https://R-forge.R-project.org/tracker/?atid=294&group_id=61",
      "Contact": "Matrix-authors@R-project.org",
      "Authors@R": "c(person(\"Douglas\", \"Bates\", role = \"aut\", comment = c(ORCID = \"0000-0001-8316-9503\")), person(\"Martin\", \"Maechler\", role = c(\"aut\", \"cre\"), email = \"mmaechler+Matrix@gmail.com\", comment = c(ORCID = \"0000-0002-8685-9910\")), person(\"Mikael\", \"Jagan\", role = \"aut\", comment = c(ORCID = \"0000-0002-3542-2938\")), person(\"Timothy A.\", \"Davis\", role = \"ctb\", comment = c(ORCID = \"0000-0001-7614-6899\", \"SuiteSparse libraries\", \"collaborators listed in dir(system.file(\\\"doc\\\", \\\"SuiteSparse\\\", package=\\\"Matrix\\\"), pattern=\\\"License\\\", full.names=TRUE, recursive=TRUE)\")), person(\"George\", \"Karypis\", role = \"ctb\", comment = c(ORCID = \"0000-0003-2753-1437\", \"METIS library\", \"Copyright: Regents of the University of Minnesota\")), person(\"Jason\", \"Riedy\", role = \"ctb\", comment = c(ORCID = \"0000-0002-4345-4200\", \"GNU Octave's condest() and onenormest()\", \"Copyright: Regents of the University of California\")), person(\"Jens\", \"Oehlschlägel\", role = \"ctb\", comment = \"initial nearPD()\"), person(\"R Core Team\", role = \"ctb\", comment = c(ROR = \"02zz1nj61\", \"base R's matrix implementation\")))",
      "Depends": [
        "R (>= 4.4)",
        "methods"
      ],
      "Imports": [
        "grDevices",
        "graphics",
        "grid",
        "lattice",
        "stats",
        "utils"
      ],
      "Suggests": [
        "MASS",
        "datasets",
        "sfsmisc",
        "tools"
      ],
      "Enhances": [
        "SparseM",
        "graph"
      ],
      "LazyData": "no",
      "LazyDataNote": "not possible, since we use data/*.R and our S4 classes",
      "BuildResaveData": "no",
      "Encoding": "UTF-8",
      "NeedsCompilation": "yes",
      "Author": "Douglas Bates [aut] (ORCID: <https://orcid.org/0000-0001-8316-9503>), Martin Maechler [aut, cre] (ORCID: <https://orcid.org/0000-0002-8685-9910>), Mikael Jagan [aut] (ORCID: <https://orcid.org/0000-0002-3542-2938>), Timothy A. Davis [ctb] (ORCID: <https://orcid.org/0000-0001-7614-6899>, SuiteSparse libraries, collaborators listed in dir(system.file(\"doc\", \"SuiteSparse\", package=\"Matrix\"), pattern=\"License\", full.names=TRUE, recursive=TRUE)), George Karypis [ctb] (ORCID: <https://orcid.org/0000-0003-2753-1437>, METIS library, Copyright: Regents of the University of Minnesota), Jason Riedy [ctb] (ORCID: <https://orcid.org/0000-0002-4345-4200>, GNU Octave's condest() and onenormest(), Copyright: Regents of the University of California), Jens Oehlschlägel [ctb] (initial nearPD()), R Core Team [ctb] (ROR: <https://ror.org/02zz1nj61>, base R's matrix implementation)",
      "Maintainer": "Martin Maechler <mmaechler+Matrix@gmail.com>",
      "Repository": "CRAN"
    },
    "R6": {
      "Package": "R6",
      "Version": "2.6.1",
      "Source": "Repository",
      "Title": "Encapsulated Classes with Reference Semantics",
      "Authors@R": "c( person(\"Winston\", \"Chang\", , \"winston@posit.co\", role = c(\"aut\", \"cre\")), person(\"Posit Software, PBC\", role = c(\"cph\", \"fnd\")) )",
      "Description": "Creates classes with reference semantics, similar to R's built-in reference classes. Compared to reference classes, R6 classes are simpler and lighter-weight, and they are not built on S4 classes so they do not require the methods package. These classes allow public and private members, and they support inheritance, even when the classes are defined in different packages.",
      "License": "MIT + file LICENSE",
      "URL": "https://r6.r-lib.org, https://github.com/r-lib/R6",
      "BugReports": "https://github.com/r-lib/R6/issues",
      "Depends": [
        "R (>= 3.6)"
      ],
      "Suggests": [
        "lobstr",
        "testthat (>= 3.0.0)"
      ],
      "Config/Needs/website": "tidyverse/tidytemplate, ggplot2, microbenchmark, scales",
      "Config/testthat/edition": "3",
      "Encoding": "UTF-8",
      "RoxygenNote": "7.3.2",
      "NeedsCompilation": "no",
      "Author": "Winston Chang [aut, cre], Posit Software, PBC [cph, fnd]",
      "Maintainer": "Winston Chang <winston@posit.co>",
      "Repository": "CRAN"
    },
    "Rcpp": {
      "Package": "Rcpp",
      "Version": "1.1.0",
      "Source": "Repository",
      "Title": "Seamless R and C++ Integration",
      "Date": "2025-07-01",
      "Authors@R": "c(person(\"Dirk\", \"Eddelbuettel\", role = c(\"aut\", \"cre\"), email = \"edd@debian.org\", comment = c(ORCID = \"0000-0001-6419-907X\")), person(\"Romain\", \"Francois\", role = \"aut\", comment = c(ORCID = \"0000-0002-2444-4226\")), person(\"JJ\", \"Allaire\", role = \"aut\", comment = c(ORCID = \"0000-0003-0174-9868\")), person(\"Kevin\", \"Ushey\", role = \"aut\", comment = c(ORCID = \"0000-0003-2880-7407\")), person(\"Qiang\", \"Kou\", role = \"aut\", comment = c(ORCID = \"0000-0001-6786-5453\")), person(\"Nathan\", \"Russell\", role = \"aut\"), person(\"Iñaki\", \"Ucar\", role = \"aut\", comment = c(ORCID = \"0000-0001-6403-5550\")), person(\"Doug\", \"Bates\", role = \"aut\", comment = c(ORCID = \"0000-0001-8316-9503\")), person(\"John\", \"Chambers\", role = \"aut\"))",
      "Description": "The 'Rcpp' package provides R functions as well as C++ classes which offer a seamless integration of R and C++. Many R data types and objects can be mapped back and forth to C++ equivalents which facilitates both writing of new code as well as easier integration of third-party libraries. Documentation about 'Rcpp' is provided by several vignettes included in this package, via the 'Rcpp Gallery' site at <https://gallery.rcpp.org>, the paper by Eddelbuettel and Francois (2011, <doi:10.18637/jss.v040.i08>), the book by Eddelbuettel (2013, <doi:10.1007/978-1-4614-6868-4>) and the paper by Eddelbuettel and Balamuta (2018, <doi:10.1080/00031305.2017.1375990>); see 'citation(\"Rcpp\")' for details.",
      "Imports": [
        "methods",
        "utils"
      ],
      "Suggests": [
        "tinytest",
        "inline",
        "rbenchmark",
        "pkgKitten (>= 0.1.2)"
      ],
      "URL": "https://www.rcpp.org, https://dirk.eddelbuettel.com/code/rcpp.html, https://github.com/RcppCore/Rcpp",
      "License": "GPL (>= 2)",
      "BugReports": "https://github.com/RcppCore/Rcpp/issues",
      "MailingList": "rcpp-devel@lists.r-forge.r-project.org",
      "RoxygenNote": "6.1.1",
      "Encoding": "UTF-8",
      "NeedsCompilation": "yes",
      "Author": "Dirk Eddelbuettel [aut, cre] (ORCID: <https://orcid.org/0000-0001-6419-907X>), Romain Francois [aut] (ORCID: <https://orcid.org/0000-0002-2444-4226>), JJ Allaire [aut] (ORCID: <https://orcid.org/0000-0003-0174-9868>), Kevin Ushey [aut] (ORCID: <https://orcid.org/0000-0003-2880-7407>), Qiang Kou [aut] (ORCID: <https://orcid.org/0000-0001-6786-5453>), Nathan Russell [aut], Iñaki Ucar [aut] (ORCID: <https://orcid.org/0000-0001-6403-5550>), Doug Bates [aut] (ORCID: <https://orcid.org/0000-0001-8316-9503>), John Chambers [aut]",
      "Maintainer": "Dirk Eddelbuettel <edd@debian.org>",
      "Repository": "CRAN"
    },
    "RcppArmadillo": {
      "Package": "RcppArmadillo",
      "Version": "15.0.2-2",
      "Source": "Repository",
      "Type": "Package",
      "Title": "'Rcpp' Integration for the 'Armadillo' Templated Linear Algebra Library",
      "Date": "2025-09-18",
      "Authors@R": "c(person(\"Dirk\", \"Eddelbuettel\", role = c(\"aut\", \"cre\"), email = \"edd@debian.org\", comment = c(ORCID = \"0000-0001-6419-907X\")), person(\"Romain\", \"Francois\", role = \"aut\", comment = c(ORCID = \"0000-0002-2444-4226\")), person(\"Doug\", \"Bates\", role = \"aut\", comment = c(ORCID = \"0000-0001-8316-9503\")), person(\"Binxiang\", \"Ni\", role = \"aut\"), person(\"Conrad\", \"Sanderson\", role = \"aut\", comment = c(ORCID = \"0000-0002-0049-4501\")))",
      "Description": "'Armadillo' is a templated C++ linear algebra library aiming towards a good balance between speed and ease of use. It provides high-level syntax and functionality deliberately similar to Matlab. It is useful for algorithm development directly in C++, or quick conversion of research code into production environments. It provides efficient classes for vectors, matrices and cubes where dense and sparse matrices are supported. Integer, floating point and complex numbers are supported. A sophisticated expression evaluator (based on template meta-programming) automatically combines several operations to increase speed and efficiency. Dynamic evaluation automatically chooses optimal code paths based on detected matrix structures. Matrix decompositions are provided through integration with LAPACK, or one of its high performance drop-in replacements (such as 'MKL' or 'OpenBLAS'). It can automatically use 'OpenMP' multi-threading (parallelisation) to speed up computationally expensive operations. . The 'RcppArmadillo' package includes the header files from the 'Armadillo' library; users do not need to install 'Armadillo' itself in order to use 'RcppArmadillo'. Starting from release 15.0.0, the minimum compilation standard is C++14 so 'Armadillo' version 14.6.3 is included as a fallback when an R package forces the C++11 standard. Package authors should set a '#define' to select the 'current' version, or select the 'legacy' version (also chosen as default) if they must. See 'GitHub issue #475' for details. . Since release 7.800.0, 'Armadillo' is licensed under Apache License 2; previous releases were under licensed as MPL 2.0 from version 3.800.0 onwards and LGPL-3 prior to that; 'RcppArmadillo' (the 'Rcpp' bindings/bridge to Armadillo) is licensed under the GNU GPL version 2 or later, as is the rest of 'Rcpp'.",
      "License": "GPL (>= 2)",
      "LazyLoad": "yes",
      "Depends": [
        "R (>= 3.3.0)"
      ],
      "LinkingTo": [
        "Rcpp"
      ],
      "Imports": [
        "Rcpp (>= 1.0.12)",
        "stats",
        "utils",
        "methods"
      ],
      "Suggests": [
        "tinytest",
        "Matrix (>= 1.3.0)",
        "pkgKitten",
        "reticulate",
        "slam"
      ],
      "URL": "https://github.com/RcppCore/RcppArmadillo, https://dirk.eddelbuettel.com/code/rcpp.armadillo.html",
      "BugReports": "https://github.com/RcppCore/RcppArmadillo/issues",
      "RoxygenNote": "6.0.1",
      "NeedsCompilation": "yes",
      "Author": "Dirk Eddelbuettel [aut, cre] (ORCID: <https://orcid.org/0000-0001-6419-907X>), Romain Francois [aut] (ORCID: <https://orcid.org/0000-0002-2444-4226>), Doug Bates [aut] (ORCID: <https://orcid.org/0000-0001-8316-9503>), Binxiang Ni [aut], Conrad Sanderson [aut] (ORCID: <https://orcid.org/0000-0002-0049-4501>)",
      "Maintainer": "Dirk Eddelbuettel <edd@debian.org>",
      "Repository": "CRAN"
    },
    "RcppEigen": {
      "Package": "RcppEigen",
      "Version": "0.3.4.0.2",
      "Source": "Repository",
      "Type": "Package",
      "Title": "'Rcpp' Integration for the 'Eigen' Templated Linear Algebra Library",
      "Date": "2024-08-23",
      "Authors@R": "c(person(\"Doug\", \"Bates\", role = \"aut\", comment = c(ORCID = \"0000-0001-8316-9503\")), person(\"Dirk\", \"Eddelbuettel\", role = c(\"aut\", \"cre\"), email = \"edd@debian.org\", comment = c(ORCID = \"0000-0001-6419-907X\")), person(\"Romain\", \"Francois\", role = \"aut\", comment = c(ORCID = \"0000-0002-2444-4226\")), person(\"Yixuan\", \"Qiu\", role = \"aut\", comment = c(ORCID = \"0000-0003-0109-6692\")), person(\"Authors of\", \"Eigen\", role = \"cph\", comment = \"Authorship and copyright in included Eigen library as detailed in inst/COPYRIGHTS\"))",
      "Copyright": "See the file COPYRIGHTS for various Eigen copyright details",
      "Description": "R and 'Eigen' integration using 'Rcpp'. 'Eigen' is a C++ template library for linear algebra: matrices, vectors, numerical solvers and related algorithms.  It supports dense and sparse matrices on integer, floating point and complex numbers, decompositions of such matrices, and solutions of linear systems. Its performance on many algorithms is comparable with some of the best implementations based on 'Lapack' and level-3 'BLAS'. The 'RcppEigen' package includes the header files from the 'Eigen' C++ template library. Thus users do not need to install 'Eigen' itself in order to use 'RcppEigen'. Since version 3.1.1, 'Eigen' is licensed under the Mozilla Public License (version 2); earlier version were licensed under the GNU LGPL version 3 or later. 'RcppEigen' (the 'Rcpp' bindings/bridge to 'Eigen') is licensed under the GNU GPL version 2 or later, as is the rest of 'Rcpp'.",
      "License": "GPL (>= 2) | file LICENSE",
      "LazyLoad": "yes",
      "Depends": [
        "R (>= 3.6.0)"
      ],
      "LinkingTo": [
        "Rcpp"
      ],
      "Imports": [
        "Rcpp (>= 0.11.0)",
        "stats",
        "utils"
      ],
      "Suggests": [
        "Matrix",
        "inline",
        "tinytest",
        "pkgKitten",
        "microbenchmark"
      ],
      "URL": "https://github.com/RcppCore/RcppEigen, https://dirk.eddelbuettel.com/code/rcpp.eigen.html",
      "BugReports": "https://github.com/RcppCore/RcppEigen/issues",
      "NeedsCompilation": "yes",
      "Author": "Doug Bates [aut] (<https://orcid.org/0000-0001-8316-9503>), Dirk Eddelbuettel [aut, cre] (<https://orcid.org/0000-0001-6419-907X>), Romain Francois [aut] (<https://orcid.org/0000-0002-2444-4226>), Yixuan Qiu [aut] (<https://orcid.org/0000-0003-0109-6692>), Authors of Eigen [cph] (Authorship and copyright in included Eigen library as detailed in inst/COPYRIGHTS)",
      "Maintainer": "Dirk Eddelbuettel <edd@debian.org>",
      "Repository": "CRAN"
    },
    "Rmpfr": {
      "Package": "Rmpfr",
      "Version": "1.1-2",
      "Source": "Repository",
      "Title": "Interface R to MPFR - Multiple Precision Floating-Point Reliable",
      "VersionNote": "Last CRAN: 1.1-1 on 2025-07-18; 1.1-0 on 2025-05-08; 1.0-0 on 2024-11-15",
      "Date": "2025-10-21",
      "Type": "Package",
      "Authors@R": "c(person(\"Martin\",\"Maechler\", role = c(\"aut\",\"cre\"), email = \"maechler@stat.math.ethz.ch\", comment = c(ORCID=\"0000-0002-8685-9910\")) , person(c(\"Richard\", \"M.\"), \"Heiberger\", role = \"ctb\", email=\"rmh@temple.edu\", comment = \"formatHex(), *Bin, *Dec\") , person(c(\"John\", \"C.\"), \"Nash\", role = \"ctb\", email=\"nashjc@uottawa.ca\", comment = \"hjkMpfr(), origin of unirootR()\") , person(c(\"Hans\", \"W.\"), \"Borchers\", role = \"ctb\", email=\"hwborchers@googlemail.com\", comment = \"optimizeR(*, \\\"GoldenRatio\\\"); origin of hjkMpfr()\") , person(\"Mikael\", \"Jagan\", role = \"ctb\", comment = c(\"safer convert.c; configure.ac etc\", ORCID = \"0000-0002-3542-2938\")) )",
      "Description": "Arithmetic (via S4 classes and methods) for arbitrary precision floating point numbers, including transcendental (\"special\") functions.  To this end, the package interfaces to the 'LGPL' licensed 'MPFR' (Multiple Precision Floating-Point Reliable) Library which itself is based on the 'GMP' (GNU Multiple Precision) Library.",
      "SystemRequirements": "gmp (>= 4.2.3), mpfr (>= 3.2.0), pdfcrop (part of TexLive) is required to rebuild the vignettes.",
      "SystemRequirementsNote": "'MPFR' (MP Floating-Point Reliable Library, https://www.mpfr.org/) and 'GMP' (GNU Multiple Precision library, https://gmplib.org/), see >> README.md",
      "Depends": [
        "gmp (>= 0.6-1)",
        "R (>= 3.6.0)"
      ],
      "Imports": [
        "stats",
        "utils",
        "methods"
      ],
      "Suggests": [
        "DPQmpfr",
        "MASS",
        "Bessel",
        "polynom",
        "sfsmisc (>= 1.1-14)"
      ],
      "SuggestsNote": "MASS, polynom, sfsmisc: only for vignette;",
      "Enhances": [
        "dfoptim",
        "pracma",
        "DPQ"
      ],
      "EnhancesNote": "mentioned in Rd xrefs | used in example",
      "URL": "https://rmpfr.r-forge.r-project.org/",
      "BugReports": "https://r-forge.r-project.org/tracker/?group_id=386",
      "License": "GPL (>= 2)",
      "Encoding": "UTF-8",
      "NeedsCompilation": "yes",
      "Author": "Martin Maechler [aut, cre] (ORCID: <https://orcid.org/0000-0002-8685-9910>), Richard M. Heiberger [ctb] (formatHex(), *Bin, *Dec), John C. Nash [ctb] (hjkMpfr(), origin of unirootR()), Hans W. Borchers [ctb] (optimizeR(*, \"GoldenRatio\"); origin of hjkMpfr()), Mikael Jagan [ctb] (safer convert.c; configure.ac etc, ORCID: <https://orcid.org/0000-0002-3542-2938>)",
      "Maintainer": "Martin Maechler <maechler@stat.math.ethz.ch>",
      "Repository": "CRAN"
    },
    "bit": {
      "Package": "bit",
      "Version": "4.6.0",
      "Source": "Repository",
      "Title": "Classes and Methods for Fast Memory-Efficient Boolean Selections",
      "Authors@R": "c( person(\"Michael\", \"Chirico\", email = \"MichaelChirico4@gmail.com\", role = c(\"aut\", \"cre\")), person(\"Jens\", \"Oehlschlägel\", role = \"aut\"), person(\"Brian\", \"Ripley\", role = \"ctb\") )",
      "Depends": [
        "R (>= 3.4.0)"
      ],
      "Suggests": [
        "testthat (>= 3.0.0)",
        "roxygen2",
        "knitr",
        "markdown",
        "rmarkdown",
        "microbenchmark",
        "bit64 (>= 4.0.0)",
        "ff (>= 4.0.0)"
      ],
      "Description": "Provided are classes for boolean and skewed boolean vectors, fast boolean methods, fast unique and non-unique integer sorting, fast set operations on sorted and unsorted sets of integers, and foundations for ff (range index, compression, chunked processing).",
      "License": "GPL-2 | GPL-3",
      "LazyLoad": "yes",
      "ByteCompile": "yes",
      "Encoding": "UTF-8",
      "URL": "https://github.com/r-lib/bit",
      "VignetteBuilder": "knitr, rmarkdown",
      "RoxygenNote": "7.3.2",
      "Config/testthat/edition": "3",
      "NeedsCompilation": "yes",
      "Author": "Michael Chirico [aut, cre], Jens Oehlschlägel [aut], Brian Ripley [ctb]",
      "Maintainer": "Michael Chirico <MichaelChirico4@gmail.com>",
      "Repository": "CRAN"
    },
    "bit64": {
      "Package": "bit64",
      "Version": "4.6.0-1",
      "Source": "Repository",
      "Title": "A S3 Class for Vectors of 64bit Integers",
      "Authors@R": "c( person(\"Michael\", \"Chirico\", email = \"michaelchirico4@gmail.com\", role = c(\"aut\", \"cre\")), person(\"Jens\", \"Oehlschlägel\", role = \"aut\"), person(\"Leonardo\", \"Silvestri\", role = \"ctb\"), person(\"Ofek\", \"Shilon\", role = \"ctb\") )",
      "Depends": [
        "R (>= 3.4.0)",
        "bit (>= 4.0.0)"
      ],
      "Description": "Package 'bit64' provides serializable S3 atomic 64bit (signed) integers. These are useful for handling database keys and exact counting in +-2^63. WARNING: do not use them as replacement for 32bit integers, integer64 are not supported for subscripting by R-core and they have different semantics when combined with double, e.g. integer64 + double => integer64. Class integer64 can be used in vectors, matrices, arrays and data.frames. Methods are available for coercion from and to logicals, integers, doubles, characters and factors as well as many elementwise and summary functions. Many fast algorithmic operations such as 'match' and 'order' support inter- active data exploration and manipulation and optionally leverage caching.",
      "License": "GPL-2 | GPL-3",
      "LazyLoad": "yes",
      "ByteCompile": "yes",
      "URL": "https://github.com/r-lib/bit64",
      "Encoding": "UTF-8",
      "Imports": [
        "graphics",
        "methods",
        "stats",
        "utils"
      ],
      "Suggests": [
        "testthat (>= 3.0.3)",
        "withr"
      ],
      "Config/testthat/edition": "3",
      "Config/needs/development": "testthat",
      "RoxygenNote": "7.3.2",
      "NeedsCompilation": "yes",
      "Author": "Michael Chirico [aut, cre], Jens Oehlschlägel [aut], Leonardo Silvestri [ctb], Ofek Shilon [ctb]",
      "Maintainer": "Michael Chirico <michaelchirico4@gmail.com>",
      "Repository": "CRAN"
    },
    "cli": {
      "Package": "cli",
      "Version": "3.6.5",
      "Source": "Repository",
      "Title": "Helpers for Developing Command Line Interfaces",
      "Authors@R": "c( person(\"Gábor\", \"Csárdi\", , \"gabor@posit.co\", role = c(\"aut\", \"cre\")), person(\"Hadley\", \"Wickham\", role = \"ctb\"), person(\"Kirill\", \"Müller\", role = \"ctb\"), person(\"Salim\", \"Brüggemann\", , \"salim-b@pm.me\", role = \"ctb\", comment = c(ORCID = \"0000-0002-5329-5987\")), person(\"Posit Software, PBC\", role = c(\"cph\", \"fnd\")) )",
      "Description": "A suite of tools to build attractive command line interfaces ('CLIs'), from semantic elements: headings, lists, alerts, paragraphs, etc. Supports custom themes via a 'CSS'-like language. It also contains a number of lower level 'CLI' elements: rules, boxes, trees, and 'Unicode' symbols with 'ASCII' alternatives. It support ANSI colors and text styles as well.",
      "License": "MIT + file LICENSE",
      "URL": "https://cli.r-lib.org, https://github.com/r-lib/cli",
      "BugReports": "https://github.com/r-lib/cli/issues",
      "Depends": [
        "R (>= 3.4)"
      ],
      "Imports": [
        "utils"
      ],
      "Suggests": [
        "callr",
        "covr",
        "crayon",
        "digest",
        "glue (>= 1.6.0)",
        "grDevices",
        "htmltools",
        "htmlwidgets",
        "knitr",
        "methods",
        "processx",
        "ps (>= 1.3.4.9000)",
        "rlang (>= 1.0.2.9003)",
        "rmarkdown",
        "rprojroot",
        "rstudioapi",
        "testthat (>= 3.2.0)",
        "tibble",
        "whoami",
        "withr"
      ],
      "Config/Needs/website": "r-lib/asciicast, bench, brio, cpp11, decor, desc, fansi, prettyunits, sessioninfo, tidyverse/tidytemplate, usethis, vctrs",
      "Config/testthat/edition": "3",
      "Encoding": "UTF-8",
      "RoxygenNote": "7.3.2",
      "NeedsCompilation": "yes",
      "Author": "Gábor Csárdi [aut, cre], Hadley Wickham [ctb], Kirill Müller [ctb], Salim Brüggemann [ctb] (<https://orcid.org/0000-0002-5329-5987>), Posit Software, PBC [cph, fnd]",
      "Maintainer": "Gábor Csárdi <gabor@posit.co>",
      "Repository": "CRAN"
    },
    "gmp": {
      "Package": "gmp",
      "Version": "0.7-5",
      "Source": "Repository",
      "Date": "2024-08-23",
      "Title": "Multiple Precision Arithmetic",
      "Authors@R": "c(person(\"Antoine\",\"Lucas\",role = c(\"aut\",\"cre\"), email = \"antoinelucas@gmail.com\", comment = c(ORCID=\"0000-0002-8059-9767\")), person(\"Immanuel\",\"Scholz\", role= \"aut\"), person(\"Rainer\",\"Boehme\", role = \"ctb\", email= \"rb-gmp@reflex-studio.de\"), person(\"Sylvain\",\"Jasson\", role = \"ctb\", email= \"Sylvain.Jasson@inrae.fr\"), person(\"Martin\", \"Maechler\", role = \"ctb\", email=\"maechler@stat.math.ethz.ch\"))",
      "Maintainer": "Antoine Lucas <antoinelucas@gmail.com>",
      "Description": "Multiple Precision Arithmetic (big integers and rationals, prime number tests, matrix computation), \"arithmetic without limitations\" using the C library GMP (GNU Multiple Precision Arithmetic).",
      "Depends": [
        "R (>= 3.5.0)"
      ],
      "Imports": [
        "methods"
      ],
      "Suggests": [
        "Rmpfr",
        "MASS",
        "round"
      ],
      "SystemRequirements": "gmp (>= 4.2.3)",
      "License": "GPL (>= 2)",
      "BuildResaveData": "no",
      "LazyDataNote": "not available, as we use data/*.R *and* our classes",
      "NeedsCompilation": "yes",
      "URL": "https://forgemia.inra.fr/sylvain.jasson/gmp",
      "Author": "Antoine Lucas [aut, cre] (<https://orcid.org/0000-0002-8059-9767>), Immanuel Scholz [aut], Rainer Boehme [ctb], Sylvain Jasson [ctb], Martin Maechler [ctb]",
      "Repository": "CRAN"
    },
    "lattice": {
      "Package": "lattice",
      "Version": "0.22-5",
      "Source": "Repository",
      "Date": "2023-10-23",
      "Priority": "recommended",
      "Title": "Trellis Graphics for R",
      "Authors@R": "c(person(\"Deepayan\", \"Sarkar\", role = c(\"aut\", \"cre\"), email = \"deepayan.sarkar@r-project.org\", comment = c(ORCID = \"0000-0003-4107-1553\")), person(\"Felix\", \"Andrews\", role = \"ctb\"), person(\"Kevin\", \"Wright\", role = \"ctb\", comment = \"documentation\"), person(\"Neil\", \"Klepeis\", role = \"ctb\"), person(\"Johan\", \"Larsson\", role = \"ctb\", comment = \"miscellaneous improvements\"), person(\"Zhijian (Jason)\", \"Wen\", role = \"cph\", comment = \"filled contour code\"), person(\"Paul\", \"Murrell\", role = \"ctb\", email = \"paul@stat.auckland.ac.nz\"), person(\"Stefan\", \"Eng\", role = \"ctb\", comment = \"violin plot improvements\"), person(\"Achim\", \"Zeileis\", role = \"ctb\", comment = \"modern colors\"), person(\"Alexandre\", \"Courtiol\", role = \"ctb\", comment = \"generics for larrows, lpolygon, lrect and lsegments\") )",
      "Description": "A powerful and elegant high-level data visualization system inspired by Trellis graphics, with an emphasis on multivariate data. Lattice is sufficient for typical graphics needs, and is also flexible enough to handle most nonstandard requirements. See ?Lattice for an introduction.",
      "Depends": [
        "R (>= 4.0.0)"
      ],
      "Suggests": [
        "KernSmooth",
        "MASS",
        "latticeExtra",
        "colorspace"
      ],
      "Imports": [
        "grid",
        "grDevices",
        "graphics",
        "stats",
        "utils"
      ],
      "Enhances": [
        "chron",
        "zoo"
      ],
      "LazyLoad": "yes",
      "LazyData": "yes",
      "License": "GPL (>= 2)",
      "URL": "https://lattice.r-forge.r-project.org/",
      "BugReports": "https://github.com/deepayan/lattice/issues",
      "NeedsCompilation": "yes",
      "Author": "Deepayan Sarkar [aut, cre] (<https://orcid.org/0000-0003-4107-1553>), Felix Andrews [ctb], Kevin Wright [ctb] (documentation), Neil Klepeis [ctb], Johan Larsson [ctb] (miscellaneous improvements), Zhijian (Jason) Wen [cph] (filled contour code), Paul Murrell [ctb], Stefan Eng [ctb] (violin plot improvements), Achim Zeileis [ctb] (modern colors), Alexandre Courtiol [ctb] (generics for larrows, lpolygon, lrect and lsegments)",
      "Maintainer": "Deepayan Sarkar <deepayan.sarkar@r-project.org>",
      "Repository": "CRAN"
    },
    "osqp": {
      "Package": "osqp",
      "Version": "0.6.3.3",
      "Source": "Repository",
      "Title": "Quadratic Programming Solver using the 'OSQP' Library",
      "Date": "2024-06-07",
      "Authors@R": "c( person(\"Bartolomeo\", \"Stellato\", role = c(\"aut\", \"ctb\", \"cph\"), email = \"bartolomeo.stellato@gmail.com\"), person(\"Goran\", \"Banjac\", role = c(\"aut\", \"ctb\", \"cph\")), person(\"Paul\", \"Goulart\", role = c(\"aut\", \"ctb\", \"cph\"), email = \"paul.goulart@eng.ox.ac.uk\"), person(\"Stephen\", \"Boyd\", role = c(\"aut\", \"ctb\", \"cph\")), person(\"Eric\", \"Anderson\", role = c(\"ctb\")), person(\"Vineet\", \"Bansal\", role = c(\"aut\", \"ctb\"), email = \"vineetb@princeton.edu\"), person(\"Balasubramanian\", \"Narasimhan\", role = c(\"cre\", \"ctb\"), email = \"naras@stanford.edu\"))",
      "Copyright": "file COPYRIGHT",
      "Description": "Provides bindings to the 'OSQP' solver. The 'OSQP' solver is a numerical optimization package or solving convex quadratic programs written in 'C' and based on the alternating direction method of multipliers. See <doi:10.48550/arXiv.1711.08013> for details.",
      "License": "Apache License 2.0 | file LICENSE",
      "SystemRequirements": "C++17",
      "Imports": [
        "Rcpp (>= 0.12.14)",
        "methods",
        "Matrix (>= 1.6.1)",
        "R6"
      ],
      "LinkingTo": [
        "Rcpp"
      ],
      "RoxygenNote": "7.2.3",
      "Collate": "'RcppExports.R' 'osqp-package.R' 'sparse.R' 'solve.R' 'osqp.R' 'params.R'",
      "NeedsCompilation": "yes",
      "Suggests": [
        "slam",
        "testthat"
      ],
      "Encoding": "UTF-8",
      "BugReports": "https://github.com/osqp/osqp-r/issues",
      "URL": "https://osqp.org",
      "Author": "Bartolomeo Stellato [aut, ctb, cph], Goran Banjac [aut, ctb, cph], Paul Goulart [aut, ctb, cph], Stephen Boyd [aut, ctb, cph], Eric Anderson [ctb], Vineet Bansal [aut, ctb], Balasubramanian Narasimhan [cre, ctb]",
      "Maintainer": "Balasubramanian Narasimhan <naras@stanford.edu>",
      "Repository": "CRAN"
    },
    "renv": {
      "Package": "renv",
      "Version": "1.1.5",
      "Source": "Repository",
      "Type": "Package",
      "Title": "Project Environments",
      "Authors@R": "c( person(\"Kevin\", \"Ushey\", role = c(\"aut\", \"cre\"), email = \"kevin@rstudio.com\", comment = c(ORCID = \"0000-0003-2880-7407\")), person(\"Hadley\", \"Wickham\", role = c(\"aut\"), email = \"hadley@rstudio.com\", comment = c(ORCID = \"0000-0003-4757-117X\")), person(\"Posit Software, PBC\", role = c(\"cph\", \"fnd\")) )",
      "Description": "A dependency management toolkit for R. Using 'renv', you can create and manage project-local R libraries, save the state of these libraries to a 'lockfile', and later restore your library as required. Together, these tools can help make your projects more isolated, portable, and reproducible.",
      "License": "MIT + file LICENSE",
      "URL": "https://rstudio.github.io/renv/, https://github.com/rstudio/renv",
      "BugReports": "https://github.com/rstudio/renv/issues",
      "Imports": [
        "utils"
      ],
      "Suggests": [
        "BiocManager",
        "cli",
        "compiler",
        "covr",
        "cpp11",
        "devtools",
        "generics",
        "gitcreds",
        "jsonlite",
        "jsonvalidate",
        "knitr",
        "miniUI",
        "modules",
        "packrat",
        "pak",
        "R6",
        "remotes",
        "reticulate",
        "rmarkdown",
        "rstudioapi",
        "shiny",
        "testthat",
        "uuid",
        "waldo",
        "yaml",
        "webfakes"
      ],
      "Encoding": "UTF-8",
      "RoxygenNote": "7.3.2",
      "VignetteBuilder": "knitr",
      "Config/Needs/website": "tidyverse/tidytemplate",
      "Config/testthat/edition": "3",
      "Config/testthat/parallel": "true",
      "Config/testthat/start-first": "bioconductor,python,install,restore,snapshot,retrieve,remotes",
      "NeedsCompilation": "no",
      "Author": "Kevin Ushey [aut, cre] (ORCID: <https://orcid.org/0000-0003-2880-7407>), Hadley Wickham [aut] (ORCID: <https://orcid.org/0000-0003-4757-117X>), Posit Software, PBC [cph, fnd]",
      "Maintainer": "Kevin Ushey <kevin@rstudio.com>",
      "Repository": "CRAN"
    },
    "scs": {
      "Package": "scs",
      "Version": "3.2.7",
      "Source": "Repository",
      "Title": "Splitting Conic Solver",
      "Authors@R": "c( person(\"Florian\", \"Schwendinger\", role = c(\"aut\", \"cre\"), email = \"FlorianSchwendinger@gmx.at\"), person(\"Brendan\", \"O'Donoghue\", role = c(\"aut\", \"cph\")), person(\"Balasubramanian\", \"Narasimhan\", role = c(\"aut\")), person(\"Timothy A.\", \"Davis\", role = \"cph\"), person(\"Patrick R.\", \"Amestory\", role = \"cph\"), person(\"Iain S.\", \"Duff\", role = \"cph\"))",
      "Description": "Solves convex cone programs via operator splitting. Can solve: linear programs ('LPs'), second-order cone programs ('SOCPs'), semidefinite programs ('SDPs'), exponential cone programs ('ECPs'), and power cone programs ('PCPs'), or problems with any combination of those cones. 'SCS' uses 'AMD' (a set of routines for permuting sparse matrices prior to factorization) and 'LDL' (a sparse 'LDL' factorization and solve package) from 'SuiteSparse' (<https://people.engr.tamu.edu/davis/suitesparse.html>).",
      "Depends": [
        "R (>= 3.5.0)"
      ],
      "SystemRequirements": "GNU Make",
      "Suggests": [
        "Matrix",
        "slam",
        "tinytest"
      ],
      "Encoding": "UTF-8",
      "License": "GPL-3",
      "URL": "https://github.com/FlorianSchwendinger/scs",
      "RoxygenNote": "7.2.0",
      "NeedsCompilation": "yes",
      "Author": "Florian Schwendinger [aut, cre], Brendan O'Donoghue [aut, cph], Balasubramanian Narasimhan [aut], Timothy A. Davis [cph], Patrick R. Amestory [cph], Iain S. Duff [cph]",
      "Maintainer": "Florian Schwendinger <FlorianSchwendinger@gmx.at>",
      "Repository": "CRAN"
    },
    "signal": {
      "Package": "signal",
      "Version": "1.8-1",
      "Source": "Repository",
      "Title": "Signal Processing",
      "Date": "2024-06-13",
      "Authors@R": "c(person(\"Uwe\", \"Ligges\", role = c(\"aut\", \"cre\"), email=\"ligges@statistik.tu-dortmund.de\", comment = \"new maintainer\"), person(\"Tom\", \"Short\", role = \"aut\", email = \"tshort@eprisolutions.com\", comment=\"port to R\"), person(\"Paul\", \"Kienzle\", role = \"aut\", comment=\"majority of the original sources\"), person(\"Sarah\", \"Schnackenberg\", role = \"ctb\", comment=\"various test cases and bug fixes\"), person(\"David\", \"Billinghurst\", role = \"ctb\"), person(\"Hans-Werner\", \"Borchers\", role = \"ctb\"), person(\"Andre\", \"Carezia\", role = \"ctb\"), person(\"Pascal\", \"Dupuis\", role = \"ctb\"), person(\"John W.\", \"Eaton\", role = \"ctb\"), person(\"E.\", \"Farhi\", role = \"ctb\"), person(\"Kai\", \"Habel\", role = \"ctb\"), person(\"Kurt\", \"Hornik\", role = \"ctb\"), person(\"Sebastian\", \"Krey\", role = \"ctb\"), person(\"Bill\", \"Lash\", role = \"ctb\"), person(\"Friedrich\", \"Leisch\", role = \"ctb\"), person(\"Olaf\", \"Mersmann\", role = \"ctb\"), person(\"Paulo\", \"Neis\", role = \"ctb\"), person(\"Jaakko\", \"Ruohio\", role = \"ctb\"), person(\"Julius O.\", \"Smith III\", role = \"ctb\"),                   \t    person(\"Doug\", \"Stewart\", role = \"ctb\"), person(\"Andreas\", \"Weingessel\", role = \"ctb\"))",
      "Depends": [
        "R (>= 3.5.0)"
      ],
      "Imports": [
        "MASS",
        "graphics",
        "grDevices",
        "stats",
        "utils"
      ],
      "Suggests": [
        "pracma"
      ],
      "Enhances": [
        "matlab"
      ],
      "Description": "A set of signal processing functions originally written for 'Matlab' and 'Octave'. Includes filter generation utilities, filtering functions, resampling routines, and visualization of filter models. It also includes interpolation functions.",
      "License": "GPL-2",
      "URL": "https://signal.R-forge.R-project.org",
      "NeedsCompilation": "yes",
      "Author": "Uwe Ligges [aut, cre] (new maintainer), Tom Short [aut] (port to R), Paul Kienzle [aut] (majority of the original sources), Sarah Schnackenberg [ctb] (various test cases and bug fixes), David Billinghurst [ctb], Hans-Werner Borchers [ctb], Andre Carezia [ctb], Pascal Dupuis [ctb], John W. Eaton [ctb], E. Farhi [ctb], Kai Habel [ctb], Kurt Hornik [ctb], Sebastian Krey [ctb], Bill Lash [ctb], Friedrich Leisch [ctb], Olaf Mersmann [ctb], Paulo Neis [ctb], Jaakko Ruohio [ctb], Julius O. Smith III [ctb], Doug Stewart [ctb], Andreas Weingessel [ctb]",
      "Maintainer": "Uwe Ligges <ligges@statistik.tu-dortmund.de>",
      "Repository": "CRAN"
    }
  }
}
